
Microsoft Visual Studio Solution File, Format Version 12.00
# Visual Studio 15
Project("{FAE04EC0-301F-11D3-BF4B-00C04F79EFBC}") = "Assembly-CSharp", "Assembly-CSharp.csproj", "{6543F903-09FF-02A1-86C8-E3BC70FD3836}"
EndProject
Project("{FAE04EC0-301F-11D3-BF4B-00C04F79EFBC}") = "Assembly-CSharp-Editor", "Assembly-CSharp-Editor.csproj", "{D3FE17DA-2732-A4D2-DE92-F3A2AB27424C}"
EndProject
Global
	GlobalSection(SolutionConfigurationPlatforms) = preSolution
		Debug|Any CPU = Debug|Any CPU
		Release|Any CPU = Release|Any CPU
	EndGlobalSection
	GlobalSection(ProjectConfigurationPlatforms) = postSolution
		{6543F903-09FF-02A1-86C8-E3BC70FD3836}.Debug|Any CPU.ActiveCfg = Debug|Any CPU
		{6543F903-09FF-02A1-86C8-E3BC70FD3836}.Debug|Any CPU.Build.0 = Debug|Any CPU
		{6543F903-09FF-02A1-86C8-E3BC70FD3836}.Release|Any CPU.ActiveCfg = Release|Any CPU
		{6543F903-09FF-02A1-86C8-E3BC70FD3836}.Release|Any CPU.Build.0 = Release|Any CPU
		{D3FE17DA-2732-A4D2-DE92-F3A2AB27424C}.Debug|Any CPU.ActiveCfg = Debug|Any CPU
		{D3FE17DA-2732-A4D2-DE92-F3A2AB27424C}.Debug|Any CPU.Build.0 = Debug|Any CPU
		{D3FE17DA-2732-A4D2-DE92-F3A2AB27424C}.Release|Any CPU.ActiveCfg = Release|Any CPU
		{D3FE17DA-2732-A4D2-DE92-F3A2AB27424C}.Release|Any CPU.Build.0 = Release|Any CPU
	EndGlobalSection
	GlobalSection(SolutionProperties) = preSolution
		HideSolutionNode = FALSE
	EndGlobalSection
EndGlobal
